
Microsoft Visual Studio Solution File, Format Version 12.00
# Visual Studio Version 17
VisualStudioVersion = 17.5.33424.131
MinimumVisualStudioVersion = 10.0.40219.1
Project("{FAE04EC0-301F-11D3-BF4B-00C04F79EFBC}") = "DragRacing", "DragRacing\DragRacing.csproj", "{D49E9351-8651-46CF-B89B-482FD2DD7692}"
EndProject
Global
	GlobalSection(SolutionConfigurationPlatforms) = preSolution
		Debug|Any CPU = Debug|Any CPU
		Release|Any CPU = Release|Any CPU
	EndGlobalSection
	GlobalSection(ProjectConfigurationPlatforms) = postSolution
		{D49E9351-8651-46CF-B89B-482FD2DD7692}.Debug|Any CPU.ActiveCfg = Debug|Any CPU
		{D49E9351-8651-46CF-B89B-482FD2DD7692}.Debug|Any CPU.Build.0 = Debug|Any CPU
		{D49E9351-8651-46CF-B89B-482FD2DD7692}.Release|Any CPU.ActiveCfg = Release|Any CPU
		{D49E9351-8651-46CF-B89B-482FD2DD7692}.Release|Any CPU.Build.0 = Release|Any CPU
	EndGlobalSection
	GlobalSection(SolutionProperties) = preSolution
		HideSolutionNode = FALSE
	EndGlobalSection
	GlobalSection(ExtensibilityGlobals) = postSolution
		SolutionGuid = {9EF9F35D-2A85-4431-8C80-B56F2F916817}
	EndGlobalSection
EndGlobal
